
Microsoft Visual Studio Solution File, Format Version 12.00
# Visual Studio Version 17
VisualStudioVersion = 17.6.33829.357
MinimumVisualStudioVersion = 10.0.40219.1
Project("{8BC9CEB8-8B4A-11D0-8D11-00A0C91BC942}") = "example_uwp_directx11", "example_uwp_directx11\example_uwp_directx11.vcxproj", "{BE33ED73-E741-47F5-BD8F-D71F737CB036}"
EndProject
Project("{8BC9CEB8-8B4A-11D0-8D11-00A0C91BC942}") = "example_uwp_directx12", "example_uwp_directx12\example_uwp_directx12.vcxproj", "{051B6EC2-5FCF-4324-A328-A98A8306D0B1}"
EndProject
Project("{8BC9CEB8-8B4A-11D0-8D11-00A0C91BC942}") = "example_uwp_gamebar_directx12", "example_uwp_gamebar_directx12\example_uwp_gamebar_directx12.vcxproj", "{923484BA-8F54-45EA-94C7-FABA19C0DDD4}"
EndProject
Project("{8BC9CEB8-8B4A-11D0-8D11-00A0C91BC942}") = "example_uwp_swapchainpanel_directx12", "example_uwp_swapchainpanel_directx12\example_uwp_swapchainpanel_directx12.vcxproj", "{2EE0B6C8-D180-44D6-BFBC-5C799424939D}"
EndProject
Global
	GlobalSection(SolutionConfigurationPlatforms) = preSolution
		Debug|ARM = Debug|ARM
		Debug|ARM64 = Debug|ARM64
		Debug|x64 = Debug|x64
		Debug|x86 = Debug|x86
		Release|ARM = Release|ARM
		Release|ARM64 = Release|ARM64
		Release|x64 = Release|x64
		Release|x86 = Release|x86
	EndGlobalSection
	GlobalSection(ProjectConfigurationPlatforms) = postSolution
		{BE33ED73-E741-47F5-BD8F-D71F737CB036}.Debug|ARM.ActiveCfg = Debug|ARM
		{BE33ED73-E741-47F5-BD8F-D71F737CB036}.Debug|ARM.Build.0 = Debug|ARM
		{BE33ED73-E741-47F5-BD8F-D71F737CB036}.Debug|ARM.Deploy.0 = Debug|ARM
		{BE33ED73-E741-47F5-BD8F-D71F737CB036}.Debug|ARM64.ActiveCfg = Debug|ARM64
		{BE33ED73-E741-47F5-BD8F-D71F737CB036}.Debug|ARM64.Build.0 = Debug|ARM64
		{BE33ED73-E741-47F5-BD8F-D71F737CB036}.Debug|ARM64.Deploy.0 = Debug|ARM64
		{BE33ED73-E741-47F5-BD8F-D71F737CB036}.Debug|x64.ActiveCfg = Debug|x64
		{BE33ED73-E741-47F5-BD8F-D71F737CB036}.Debug|x64.Build.0 = Debug|x64
		{BE33ED73-E741-47F5-BD8F-D71F737CB036}.Debug|x64.Deploy.0 = Debug|x64
		{BE33ED73-E741-47F5-BD8F-D71F737CB036}.Debug|x86.ActiveCfg = Debug|Win32
		{BE33ED73-E741-47F5-BD8F-D71F737CB036}.Debug|x86.Build.0 = Debug|Win32
		{BE33ED73-E741-47F5-BD8F-D71F737CB036}.Debug|x86.Deploy.0 = Debug|Win32
		{BE33ED73-E741-47F5-BD8F-D71F737CB036}.Release|ARM.ActiveCfg = Release|ARM
		{BE33ED73-E741-47F5-BD8F-D71F737CB036}.Release|ARM.Build.0 = Release|ARM
		{BE33ED73-E741-47F5-BD8F-D71F737CB036}.Release|ARM.Deploy.0 = Release|ARM
		{BE33ED73-E741-47F5-BD8F-D71F737CB036}.Release|ARM64.ActiveCfg = Release|ARM64
		{BE33ED73-E741-47F5-BD8F-D71F737CB036}.Release|ARM64.Build.0 = Release|ARM64
		{BE33ED73-E741-47F5-BD8F-D71F737CB036}.Release|ARM64.Deploy.0 = Release|ARM64
		{BE33ED73-E741-47F5-BD8F-D71F737CB036}.Release|x64.ActiveCfg = Release|x64
		{BE33ED73-E741-47F5-BD8F-D71F737CB036}.Release|x64.Build.0 = Release|x64
		{BE33ED73-E741-47F5-BD8F-D71F737CB036}.Release|x64.Deploy.0 = Release|x64
		{BE33ED73-E741-47F5-BD8F-D71F737CB036}.Release|x86.ActiveCfg = Release|Win32
		{BE33ED73-E741-47F5-BD8F-D71F737CB036}.Release|x86.Build.0 = Release|Win32
		{BE33ED73-E741-47F5-BD8F-D71F737CB036}.Release|x86.Deploy.0 = Release|Win32
		{051B6EC2-5FCF-4324-A328-A98A8306D0B1}.Debug|ARM.ActiveCfg = Debug|ARM
		{051B6EC2-5FCF-4324-A328-A98A8306D0B1}.Debug|ARM.Build.0 = Debug|ARM
		{051B6EC2-5FCF-4324-A328-A98A8306D0B1}.Debug|ARM.Deploy.0 = Debug|ARM
		{051B6EC2-5FCF-4324-A328-A98A8306D0B1}.Debug|ARM64.ActiveCfg = Debug|ARM64
		{051B6EC2-5FCF-4324-A328-A98A8306D0B1}.Debug|ARM64.Build.0 = Debug|ARM64
		{051B6EC2-5FCF-4324-A328-A98A8306D0B1}.Debug|ARM64.Deploy.0 = Debug|ARM64
		{051B6EC2-5FCF-4324-A328-A98A8306D0B1}.Debug|x64.ActiveCfg = Debug|x64
		{051B6EC2-5FCF-4324-A328-A98A8306D0B1}.Debug|x64.Build.0 = Debug|x64
		{051B6EC2-5FCF-4324-A328-A98A8306D0B1}.Debug|x64.Deploy.0 = Debug|x64
		{051B6EC2-5FCF-4324-A328-A98A8306D0B1}.Debug|x86.ActiveCfg = Debug|Win32
		{051B6EC2-5FCF-4324-A328-A98A8306D0B1}.Debug|x86.Build.0 = Debug|Win32
		{051B6EC2-5FCF-4324-A328-A98A8306D0B1}.Debug|x86.Deploy.0 = Debug|Win32
		{051B6EC2-5FCF-4324-A328-A98A8306D0B1}.Release|ARM.ActiveCfg = Release|ARM
		{051B6EC2-5FCF-4324-A328-A98A8306D0B1}.Release|ARM.Build.0 = Release|ARM
		{051B6EC2-5FCF-4324-A328-A98A8306D0B1}.Release|ARM.Deploy.0 = Release|ARM
		{051B6EC2-5FCF-4324-A328-A98A8306D0B1}.Release|ARM64.ActiveCfg = Release|ARM64
		{051B6EC2-5FCF-4324-A328-A98A8306D0B1}.Release|ARM64.Build.0 = Release|ARM64
		{051B6EC2-5FCF-4324-A328-A98A8306D0B1}.Release|ARM64.Deploy.0 = Release|ARM64
		{051B6EC2-5FCF-4324-A328-A98A8306D0B1}.Release|x64.ActiveCfg = Release|x64
		{051B6EC2-5FCF-4324-A328-A98A8306D0B1}.Release|x64.Build.0 = Release|x64
		{051B6EC2-5FCF-4324-A328-A98A8306D0B1}.Release|x64.Deploy.0 = Release|x64
		{051B6EC2-5FCF-4324-A328-A98A8306D0B1}.Release|x86.ActiveCfg = Release|Win32
		{051B6EC2-5FCF-4324-A328-A98A8306D0B1}.Release|x86.Build.0 = Release|Win32
		{051B6EC2-5FCF-4324-A328-A98A8306D0B1}.Release|x86.Deploy.0 = Release|Win32
		{923484BA-8F54-45EA-94C7-FABA19C0DDD4}.Debug|ARM.ActiveCfg = Debug|ARM
		{923484BA-8F54-45EA-94C7-FABA19C0DDD4}.Debug|ARM.Build.0 = Debug|ARM
		{923484BA-8F54-45EA-94C7-FABA19C0DDD4}.Debug|ARM.Deploy.0 = Debug|ARM
		{923484BA-8F54-45EA-94C7-FABA19C0DDD4}.Debug|ARM64.ActiveCfg = Debug|ARM64
		{923484BA-8F54-45EA-94C7-FABA19C0DDD4}.Debug|ARM64.Build.0 = Debug|ARM64
		{923484BA-8F54-45EA-94C7-FABA19C0DDD4}.Debug|ARM64.Deploy.0 = Debug|ARM64
		{923484BA-8F54-45EA-94C7-FABA19C0DDD4}.Debug|x64.ActiveCfg = Debug|x64
		{923484BA-8F54-45EA-94C7-FABA19C0DDD4}.Debug|x64.Build.0 = Debug|x64
		{923484BA-8F54-45EA-94C7-FABA19C0DDD4}.Debug|x64.Deploy.0 = Debug|x64
		{923484BA-8F54-45EA-94C7-FABA19C0DDD4}.Debug|x86.ActiveCfg = Debug|Win32
		{923484BA-8F54-45EA-94C7-FABA19C0DDD4}.Debug|x86.Build.0 = Debug|Win32
		{923484BA-8F54-45EA-94C7-FABA19C0DDD4}.Debug|x86.Deploy.0 = Debug|Win32
		{923484BA-8F54-45EA-94C7-FABA19C0DDD4}.Release|ARM.ActiveCfg = Release|ARM
		{923484BA-8F54-45EA-94C7-FABA19C0DDD4}.Release|ARM.Build.0 = Release|ARM
		{923484BA-8F54-45EA-94C7-FABA19C0DDD4}.Release|ARM.Deploy.0 = Release|ARM
		{923484BA-8F54-45EA-94C7-FABA19C0DDD4}.Release|ARM64.ActiveCfg = Release|ARM64
		{923484BA-8F54-45EA-94C7-FABA19C0DDD4}.Release|ARM64.Build.0 = Release|ARM64
		{923484BA-8F54-45EA-94C7-FABA19C0DDD4}.Release|ARM64.Deploy.0 = Release|ARM64
		{923484BA-8F54-45EA-94C7-FABA19C0DDD4}.Release|x64.ActiveCfg = Release|x64
		{923484BA-8F54-45EA-94C7-FABA19C0DDD4}.Release|x64.Build.0 = Release|x64
		{923484BA-8F54-45EA-94C7-FABA19C0DDD4}.Release|x64.Deploy.0 = Release|x64
		{923484BA-8F54-45EA-94C7-FABA19C0DDD4}.Release|x86.ActiveCfg = Release|Win32
		{923484BA-8F54-45EA-94C7-FABA19C0DDD4}.Release|x86.Build.0 = Release|Win32
		{923484BA-8F54-45EA-94C7-FABA19C0DDD4}.Release|x86.Deploy.0 = Release|Win32
		{2EE0B6C8-D180-44D6-BFBC-5C799424939D}.Debug|ARM.ActiveCfg = Debug|ARM
		{2EE0B6C8-D180-44D6-BFBC-5C799424939D}.Debug|ARM.Build.0 = Debug|ARM
		{2EE0B6C8-D180-44D6-BFBC-5C799424939D}.Debug|ARM.Deploy.0 = Debug|ARM
		{2EE0B6C8-D180-44D6-BFBC-5C799424939D}.Debug|ARM64.ActiveCfg = Debug|ARM64
		{2EE0B6C8-D180-44D6-BFBC-5C799424939D}.Debug|ARM64.Build.0 = Debug|ARM64
		{2EE0B6C8-D180-44D6-BFBC-5C799424939D}.Debug|ARM64.Deploy.0 = Debug|ARM64
		{2EE0B6C8-D180-44D6-BFBC-5C799424939D}.Debug|x64.ActiveCfg = Debug|x64
		{2EE0B6C8-D180-44D6-BFBC-5C799424939D}.Debug|x64.Build.0 = Debug|x64
		{2EE0B6C8-D180-44D6-BFBC-5C799424939D}.Debug|x64.Deploy.0 = Debug|x64
		{2EE0B6C8-D180-44D6-BFBC-5C799424939D}.Debug|x86.ActiveCfg = Debug|Win32
		{2EE0B6C8-D180-44D6-BFBC-5C799424939D}.Debug|x86.Build.0 = Debug|Win32
		{2EE0B6C8-D180-44D6-BFBC-5C799424939D}.Debug|x86.Deploy.0 = Debug|Win32
		{2EE0B6C8-D180-44D6-BFBC-5C799424939D}.Release|ARM.ActiveCfg = Release|ARM
		{2EE0B6C8-D180-44D6-BFBC-5C799424939D}.Release|ARM.Build.0 = Release|ARM
		{2EE0B6C8-D180-44D6-BFBC-5C799424939D}.Release|ARM.Deploy.0 = Release|ARM
		{2EE0B6C8-D180-44D6-BFBC-5C799424939D}.Release|ARM64.ActiveCfg = Release|ARM64
		{2EE0B6C8-D180-44D6-BFBC-5C799424939D}.Release|ARM64.Build.0 = Release|ARM64
		{2EE0B6C8-D180-44D6-BFBC-5C799424939D}.Release|ARM64.Deploy.0 = Release|ARM64
		{2EE0B6C8-D180-44D6-BFBC-5C799424939D}.Release|x64.ActiveCfg = Release|x64
		{2EE0B6C8-D180-44D6-BFBC-5C799424939D}.Release|x64.Build.0 = Release|x64
		{2EE0B6C8-D180-44D6-BFBC-5C799424939D}.Release|x64.Deploy.0 = Release|x64
		{2EE0B6C8-D180-44D6-BFBC-5C799424939D}.Release|x86.ActiveCfg = Release|Win32
		{2EE0B6C8-D180-44D6-BFBC-5C799424939D}.Release|x86.Build.0 = Release|Win32
		{2EE0B6C8-D180-44D6-BFBC-5C799424939D}.Release|x86.Deploy.0 = Release|Win32
	EndGlobalSection
	GlobalSection(SolutionProperties) = preSolution
		HideSolutionNode = FALSE
	EndGlobalSection
	GlobalSection(ExtensibilityGlobals) = postSolution
		SolutionGuid = {A9641A66-145C-4586-A457-4753FE5FFBCF}
	EndGlobalSection
EndGlobal
